
Microsoft Visual Studio Solution File, Format Version 12.00
# Visual Studio Version 17
VisualStudioVersion = 17.2.32516.85
MinimumVisualStudioVersion = 10.0.40219.1
Project("{FAE04EC0-301F-11D3-BF4B-00C04F79EFBC}") = "Ejercicio3", "Ejercicio3.csproj", "{05A2A73B-C022-404C-9BB3-F4F2726FF763}"
EndProject
Global
	GlobalSection(SolutionConfigurationPlatforms) = preSolution
		Debug|Any CPU = Debug|Any CPU
		Release|Any CPU = Release|Any CPU
	EndGlobalSection
	GlobalSection(ProjectConfigurationPlatforms) = postSolution
		{05A2A73B-C022-404C-9BB3-F4F2726FF763}.Debug|Any CPU.ActiveCfg = Debug|Any CPU
		{05A2A73B-C022-404C-9BB3-F4F2726FF763}.Debug|Any CPU.Build.0 = Debug|Any CPU
		{05A2A73B-C022-404C-9BB3-F4F2726FF763}.Release|Any CPU.ActiveCfg = Release|Any CPU
		{05A2A73B-C022-404C-9BB3-F4F2726FF763}.Release|Any CPU.Build.0 = Release|Any CPU
	EndGlobalSection
	GlobalSection(SolutionProperties) = preSolution
		HideSolutionNode = FALSE
	EndGlobalSection
	GlobalSection(ExtensibilityGlobals) = postSolution
		SolutionGuid = {C0D5FB7F-D8A6-4FC5-99EF-14496B371EDA}
	EndGlobalSection
EndGlobal
